
Microsoft Visual Studio Solution File, Format Version 12.00
# Visual Studio 2013
VisualStudioVersion = 12.0.21005.1
MinimumVisualStudioVersion = 10.0.40219.1
Project("{FAE04EC0-301F-11D3-BF4B-00C04F79EFBC}") = "EmployeeMS", "EmployeeMS\EmployeeMS.csproj", "{5380895A-001A-4853-B27D-158B7F7BFC79}"
EndProject
Project("{FAE04EC0-301F-11D3-BF4B-00C04F79EFBC}") = "EmployeeModel", "EmployeeModel\EmployeeModel.csproj", "{2E73FDF9-D98D-430B-92CD-515A494748B6}"
EndProject
Project("{FAE04EC0-301F-11D3-BF4B-00C04F79EFBC}") = "EmployeeAdmin", "EmployeeAdmin\EmployeeAdmin.csproj", "{2A0CF307-FFD3-4F61-94F3-405EA388766C}"
EndProject
Project("{FAE04EC0-301F-11D3-BF4B-00C04F79EFBC}") = "Utility", "Utility\Utility.csproj", "{F1DBAE6C-FC4B-4E2C-A4C4-F829D3620DA8}"
EndProject
Global
	GlobalSection(SolutionConfigurationPlatforms) = preSolution
		Debug|Any CPU = Debug|Any CPU
		Release|Any CPU = Release|Any CPU
	EndGlobalSection
	GlobalSection(ProjectConfigurationPlatforms) = postSolution
		{5380895A-001A-4853-B27D-158B7F7BFC79}.Debug|Any CPU.ActiveCfg = Debug|Any CPU
		{5380895A-001A-4853-B27D-158B7F7BFC79}.Debug|Any CPU.Build.0 = Debug|Any CPU
		{5380895A-001A-4853-B27D-158B7F7BFC79}.Release|Any CPU.ActiveCfg = Release|Any CPU
		{5380895A-001A-4853-B27D-158B7F7BFC79}.Release|Any CPU.Build.0 = Release|Any CPU
		{2E73FDF9-D98D-430B-92CD-515A494748B6}.Debug|Any CPU.ActiveCfg = Debug|Any CPU
		{2E73FDF9-D98D-430B-92CD-515A494748B6}.Debug|Any CPU.Build.0 = Debug|Any CPU
		{2E73FDF9-D98D-430B-92CD-515A494748B6}.Release|Any CPU.ActiveCfg = Release|Any CPU
		{2E73FDF9-D98D-430B-92CD-515A494748B6}.Release|Any CPU.Build.0 = Release|Any CPU
		{2A0CF307-FFD3-4F61-94F3-405EA388766C}.Debug|Any CPU.ActiveCfg = Debug|Any CPU
		{2A0CF307-FFD3-4F61-94F3-405EA388766C}.Debug|Any CPU.Build.0 = Debug|Any CPU
		{2A0CF307-FFD3-4F61-94F3-405EA388766C}.Release|Any CPU.ActiveCfg = Release|Any CPU
		{2A0CF307-FFD3-4F61-94F3-405EA388766C}.Release|Any CPU.Build.0 = Release|Any CPU
		{F1DBAE6C-FC4B-4E2C-A4C4-F829D3620DA8}.Debug|Any CPU.ActiveCfg = Debug|Any CPU
		{F1DBAE6C-FC4B-4E2C-A4C4-F829D3620DA8}.Debug|Any CPU.Build.0 = Debug|Any CPU
		{F1DBAE6C-FC4B-4E2C-A4C4-F829D3620DA8}.Release|Any CPU.ActiveCfg = Release|Any CPU
		{F1DBAE6C-FC4B-4E2C-A4C4-F829D3620DA8}.Release|Any CPU.Build.0 = Release|Any CPU
	EndGlobalSection
	GlobalSection(SolutionProperties) = preSolution
		HideSolutionNode = FALSE
	EndGlobalSection
EndGlobal
